
Microsoft Visual Studio Solution File, Format Version 12.00
# Visual Studio Version 17
VisualStudioVersion = 17.7.34024.191
MinimumVisualStudioVersion = 10.0.40219.1
Project("{FAE04EC0-301F-11D3-BF4B-00C04F79EFBC}") = "FsightTestCase", "FsightTestCase.csproj", "{72DFD233-45D7-4CA4-B5EF-ADB736C44D14}"
EndProject
Global
	GlobalSection(SolutionConfigurationPlatforms) = preSolution
		Debug|Any CPU = Debug|Any CPU
		Release|Any CPU = Release|Any CPU
	EndGlobalSection
	GlobalSection(ProjectConfigurationPlatforms) = postSolution
		{72DFD233-45D7-4CA4-B5EF-ADB736C44D14}.Debug|Any CPU.ActiveCfg = Debug|Any CPU
		{72DFD233-45D7-4CA4-B5EF-ADB736C44D14}.Debug|Any CPU.Build.0 = Debug|Any CPU
		{72DFD233-45D7-4CA4-B5EF-ADB736C44D14}.Release|Any CPU.ActiveCfg = Release|Any CPU
		{72DFD233-45D7-4CA4-B5EF-ADB736C44D14}.Release|Any CPU.Build.0 = Release|Any CPU
	EndGlobalSection
	GlobalSection(SolutionProperties) = preSolution
		HideSolutionNode = FALSE
	EndGlobalSection
	GlobalSection(ExtensibilityGlobals) = postSolution
		SolutionGuid = {8442F278-9ECE-4285-932F-6983A17270E3}
	EndGlobalSection
EndGlobal
